
Microsoft Visual Studio Solution File, Format Version 12.00
# Visual Studio 15
Project("{FAE04EC0-301F-11D3-BF4B-00C04F79EFBC}") = "UniRx", "UniRx.csproj", "{BA3BE439-8B1B-A940-7989-63500776A026}"
EndProject
Project("{FAE04EC0-301F-11D3-BF4B-00C04F79EFBC}") = "UniRx.Examples", "UniRx.Examples.csproj", "{9AE463D1-250F-DAD0-6090-9BB9270968A8}"
EndProject
Project("{FAE04EC0-301F-11D3-BF4B-00C04F79EFBC}") = "Assembly-CSharp", "Assembly-CSharp.csproj", "{B2E65172-0D06-4189-BD01-4636A3B0F48D}"
EndProject
Global
	GlobalSection(SolutionConfigurationPlatforms) = preSolution
		Debug|Any CPU = Debug|Any CPU
		Release|Any CPU = Release|Any CPU
	EndGlobalSection
	GlobalSection(ProjectConfigurationPlatforms) = postSolution
		{BA3BE439-8B1B-A940-7989-63500776A026}.Debug|Any CPU.ActiveCfg = Debug|Any CPU
		{BA3BE439-8B1B-A940-7989-63500776A026}.Debug|Any CPU.Build.0 = Debug|Any CPU
		{BA3BE439-8B1B-A940-7989-63500776A026}.Release|Any CPU.ActiveCfg = Release|Any CPU
		{BA3BE439-8B1B-A940-7989-63500776A026}.Release|Any CPU.Build.0 = Release|Any CPU
		{9AE463D1-250F-DAD0-6090-9BB9270968A8}.Debug|Any CPU.ActiveCfg = Debug|Any CPU
		{9AE463D1-250F-DAD0-6090-9BB9270968A8}.Debug|Any CPU.Build.0 = Debug|Any CPU
		{9AE463D1-250F-DAD0-6090-9BB9270968A8}.Release|Any CPU.ActiveCfg = Release|Any CPU
		{9AE463D1-250F-DAD0-6090-9BB9270968A8}.Release|Any CPU.Build.0 = Release|Any CPU
		{B2E65172-0D06-4189-BD01-4636A3B0F48D}.Debug|Any CPU.ActiveCfg = Debug|Any CPU
		{B2E65172-0D06-4189-BD01-4636A3B0F48D}.Debug|Any CPU.Build.0 = Debug|Any CPU
		{B2E65172-0D06-4189-BD01-4636A3B0F48D}.Release|Any CPU.ActiveCfg = Release|Any CPU
		{B2E65172-0D06-4189-BD01-4636A3B0F48D}.Release|Any CPU.Build.0 = Release|Any CPU
	EndGlobalSection
	GlobalSection(SolutionProperties) = preSolution
		HideSolutionNode = FALSE
	EndGlobalSection
EndGlobal
